// !$*UTF8*$!
{
	archiveVersion = 1;
	classes = {
	};
	objectVersion = 50;
	objects = {

/* Begin PBXBuildFile section */
		AB071E40274834EC0073FD05 /* ChannelSettingsViewModel.swift in Sources */ = {isa = PBXBuildFile; fileRef = AB071E3F274834EC0073FD05 /* ChannelSettingsViewModel.swift */; };
		AB597EAD272DAD9B00777397 /* AxisView.xib in Resources */ = {isa = PBXBuildFile; fileRef = AB597EAC272DAD9B00777397 /* AxisView.xib */; };
		AB597EAF272DB09800777397 /* AxisView.swift in Sources */ = {isa = PBXBuildFile; fileRef = AB597EAE272DB09800777397 /* AxisView.swift */; };
		AB597EB1272DB21000777397 /* UIView+extension.swift in Sources */ = {isa = PBXBuildFile; fileRef = AB597EB0272DB21000777397 /* UIView+extension.swift */; };
		AB597EB3272DB76500777397 /* AxisViewModel.swift in Sources */ = {isa = PBXBuildFile; fileRef = AB597EB2272DB76500777397 /* AxisViewModel.swift */; };
		AB597EB5272DC2E000777397 /* AxisConverter.swift in Sources */ = {isa = PBXBuildFile; fileRef = AB597EB4272DC2E000777397 /* AxisConverter.swift */; };
		AB597EB7272F1E7E00777397 /* VehicleTwoAxisViewModel.swift in Sources */ = {isa = PBXBuildFile; fileRef = AB597EB6272F1E7E00777397 /* VehicleTwoAxisViewModel.swift */; };
		AB597EB9272F3ABE00777397 /* ServoChannelModel.swift in Sources */ = {isa = PBXBuildFile; fileRef = AB597EB8272F3ABE00777397 /* ServoChannelModel.swift */; };
		AB7501032741F9C400336F81 /* ChannelSettingsView.swift in Sources */ = {isa = PBXBuildFile; fileRef = AB7501022741F9C400336F81 /* ChannelSettingsView.swift */; };
		AB7501052741F9F300336F81 /* ChannelSettingsView.xib in Resources */ = {isa = PBXBuildFile; fileRef = AB7501042741F9F300336F81 /* ChannelSettingsView.xib */; };
		AB750107274229B500336F81 /* NumericTextField.swift in Sources */ = {isa = PBXBuildFile; fileRef = AB750106274229B500336F81 /* NumericTextField.swift */; };
		AB79D74B26D1AE860030CF8B /* AppDelegate.swift in Sources */ = {isa = PBXBuildFile; fileRef = AB79D74A26D1AE860030CF8B /* AppDelegate.swift */; };
		AB79D74D26D1AE860030CF8B /* SceneDelegate.swift in Sources */ = {isa = PBXBuildFile; fileRef = AB79D74C26D1AE860030CF8B /* SceneDelegate.swift */; };
		AB79D74F26D1AE860030CF8B /* MainViewController.swift in Sources */ = {isa = PBXBuildFile; fileRef = AB79D74E26D1AE860030CF8B /* MainViewController.swift */; };
		AB79D75226D1AE860030CF8B /* Main.storyboard in Resources */ = {isa = PBXBuildFile; fileRef = AB79D75026D1AE860030CF8B /* Main.storyboard */; };
		AB79D75426D1AE870030CF8B /* Assets.xcassets in Resources */ = {isa = PBXBuildFile; fileRef = AB79D75326D1AE870030CF8B /* Assets.xcassets */; };
		AB79D75726D1AE870030CF8B /* LaunchScreen.storyboard in Resources */ = {isa = PBXBuildFile; fileRef = AB79D75526D1AE870030CF8B /* LaunchScreen.storyboard */; };
		AB79D75F26D1AFFB0030CF8B /* BLEServo.swift in Sources */ = {isa = PBXBuildFile; fileRef = AB79D75E26D1AFFB0030CF8B /* BLEServo.swift */; };
		AB79D76126D1B2070030CF8B /* ServoModel.swift in Sources */ = {isa = PBXBuildFile; fileRef = AB79D76026D1B2070030CF8B /* ServoModel.swift */; };
		AB79D76326D1B9300030CF8B /* Extensions.swift in Sources */ = {isa = PBXBuildFile; fileRef = AB79D76226D1B9300030CF8B /* Extensions.swift */; };
		AB7AA8982733211A0050FA62 /* ButtonsVAxisView.xib in Resources */ = {isa = PBXBuildFile; fileRef = AB7AA8972733211A0050FA62 /* ButtonsVAxisView.xib */; };
		AB7AA89A273321920050FA62 /* ButtonsVAxisView.swift in Sources */ = {isa = PBXBuildFile; fileRef = AB7AA899273321920050FA62 /* ButtonsVAxisView.swift */; };
		AB7AA89C27332A360050FA62 /* ButtonsAxisViewModel.swift in Sources */ = {isa = PBXBuildFile; fileRef = AB7AA89B27332A360050FA62 /* ButtonsAxisViewModel.swift */; };
		AB7AA89F27332F390050FA62 /* ButtonsHAxisView.xib in Resources */ = {isa = PBXBuildFile; fileRef = AB7AA89E27332F390050FA62 /* ButtonsHAxisView.xib */; };
		AB7AA8A127332F4D0050FA62 /* ButtonsHAxisView.swift in Sources */ = {isa = PBXBuildFile; fileRef = AB7AA8A027332F4D0050FA62 /* ButtonsHAxisView.swift */; };
		AB7AA8A427333E450050FA62 /* VehicleButtonsViewController.swift in Sources */ = {isa = PBXBuildFile; fileRef = AB7AA8A227333E450050FA62 /* VehicleButtonsViewController.swift */; };
		AB7AA8A527333E450050FA62 /* VehicleButtonsViewController.xib in Resources */ = {isa = PBXBuildFile; fileRef = AB7AA8A327333E450050FA62 /* VehicleButtonsViewController.xib */; };
		AB7AA8A7273341EC0050FA62 /* VehicleButtonsViewModel.swift in Sources */ = {isa = PBXBuildFile; fileRef = AB7AA8A6273341EC0050FA62 /* VehicleButtonsViewModel.swift */; };
		AB7AA8A9273366EB0050FA62 /* ValueAnimator.swift in Sources */ = {isa = PBXBuildFile; fileRef = AB7AA8A8273366EA0050FA62 /* ValueAnimator.swift */; };
		AB7AA8DD2734B4250050FA62 /* AxisRenderValueView.swift in Sources */ = {isa = PBXBuildFile; fileRef = AB7AA8DC2734B4250050FA62 /* AxisRenderValueView.swift */; };
		AB7AA8E1273564730050FA62 /* AxisRenderValueViewModel.swift in Sources */ = {isa = PBXBuildFile; fileRef = AB7AA8E0273564730050FA62 /* AxisRenderValueViewModel.swift */; };
		AB7AA8E62738A5C00050FA62 /* SettingsViewController.swift in Sources */ = {isa = PBXBuildFile; fileRef = AB7AA8E42738A5C00050FA62 /* SettingsViewController.swift */; };
		AB7AA8E72738A5C00050FA62 /* SettingsViewController.xib in Resources */ = {isa = PBXBuildFile; fileRef = AB7AA8E52738A5C00050FA62 /* SettingsViewController.xib */; };
		AB7AA8E92738AD210050FA62 /* UIViewController+loadFromNib.swift in Sources */ = {isa = PBXBuildFile; fileRef = AB7AA8E82738AD210050FA62 /* UIViewController+loadFromNib.swift */; };
		AB7AA8EB2738AE470050FA62 /* SettingsModel.swift in Sources */ = {isa = PBXBuildFile; fileRef = AB7AA8EA2738AE470050FA62 /* SettingsModel.swift */; };
		AB7AA8ED2738CD120050FA62 /* SettingsViewModel.swift in Sources */ = {isa = PBXBuildFile; fileRef = AB7AA8EC2738CD120050FA62 /* SettingsViewModel.swift */; };
		AB7AA8F6273941EE0050FA62 /* SettingsModelImpl.swift in Sources */ = {isa = PBXBuildFile; fileRef = AB7AA8F5273941EE0050FA62 /* SettingsModelImpl.swift */; };
		AB8F3DAC2730489900BF9E76 /* VehicleTwoAxisViewController.swift in Sources */ = {isa = PBXBuildFile; fileRef = AB8F3DAA2730489900BF9E76 /* VehicleTwoAxisViewController.swift */; };
		AB8F3DAD2730489900BF9E76 /* VehicleTwoAxisViewController.xib in Resources */ = {isa = PBXBuildFile; fileRef = AB8F3DAB2730489900BF9E76 /* VehicleTwoAxisViewController.xib */; };
		AB8F3DAF27306B1D00BF9E76 /* ServoControlCenter.swift in Sources */ = {isa = PBXBuildFile; fileRef = AB8F3DAE27306B1D00BF9E76 /* ServoControlCenter.swift */; };
		AB8F3DB12730852000BF9E76 /* StatusView.xib in Resources */ = {isa = PBXBuildFile; fileRef = AB8F3DB02730852000BF9E76 /* StatusView.xib */; };
		AB8F3DB32730854A00BF9E76 /* StatusView.swift in Sources */ = {isa = PBXBuildFile; fileRef = AB8F3DB22730854A00BF9E76 /* StatusView.swift */; };
		AB8F3DB52730909700BF9E76 /* StatusViewModel.swift in Sources */ = {isa = PBXBuildFile; fileRef = AB8F3DB42730909700BF9E76 /* StatusViewModel.swift */; };
		AB8F3DC12730B4AA00BF9E76 /* UIViewWithNib.swift in Sources */ = {isa = PBXBuildFile; fileRef = AB8F3DC02730B4AA00BF9E76 /* UIViewWithNib.swift */; };
/* End PBXBuildFile section */

/* Begin PBXFileReference section */
		AB071E3F274834EC0073FD05 /* ChannelSettingsViewModel.swift */ = {isa = PBXFileReference; lastKnownFileType = sourcecode.swift; path = ChannelSettingsViewModel.swift; sourceTree = "<group>"; };
		AB597EAC272DAD9B00777397 /* AxisView.xib */ = {isa = PBXFileReference; lastKnownFileType = file.xib; path = AxisView.xib; sourceTree = "<group>"; };
		AB597EAE272DB09800777397 /* AxisView.swift */ = {isa = PBXFileReference; lastKnownFileType = sourcecode.swift; path = AxisView.swift; sourceTree = "<group>"; };
		AB597EB0272DB21000777397 /* UIView+extension.swift */ = {isa = PBXFileReference; fileEncoding = 4; lastKnownFileType = sourcecode.swift; path = "UIView+extension.swift"; sourceTree = "<group>"; };
		AB597EB2272DB76500777397 /* AxisViewModel.swift */ = {isa = PBXFileReference; lastKnownFileType = sourcecode.swift; path = AxisViewModel.swift; sourceTree = "<group>"; };
		AB597EB4272DC2E000777397 /* AxisConverter.swift */ = {isa = PBXFileReference; lastKnownFileType = sourcecode.swift; path = AxisConverter.swift; sourceTree = "<group>"; };
		AB597EB6272F1E7E00777397 /* VehicleTwoAxisViewModel.swift */ = {isa = PBXFileReference; lastKnownFileType = sourcecode.swift; path = VehicleTwoAxisViewModel.swift; sourceTree = "<group>"; };
		AB597EB8272F3ABE00777397 /* ServoChannelModel.swift */ = {isa = PBXFileReference; lastKnownFileType = sourcecode.swift; path = ServoChannelModel.swift; sourceTree = "<group>"; };
		AB7501022741F9C400336F81 /* ChannelSettingsView.swift */ = {isa = PBXFileReference; lastKnownFileType = sourcecode.swift; path = ChannelSettingsView.swift; sourceTree = "<group>"; };
		AB7501042741F9F300336F81 /* ChannelSettingsView.xib */ = {isa = PBXFileReference; lastKnownFileType = file.xib; path = ChannelSettingsView.xib; sourceTree = "<group>"; };
		AB750106274229B500336F81 /* NumericTextField.swift */ = {isa = PBXFileReference; lastKnownFileType = sourcecode.swift; path = NumericTextField.swift; sourceTree = "<group>"; };
		AB79D74726D1AE860030CF8B /* BLEServo.app */ = {isa = PBXFileReference; explicitFileType = wrapper.application; includeInIndex = 0; path = BLEServo.app; sourceTree = BUILT_PRODUCTS_DIR; };
		AB79D74A26D1AE860030CF8B /* AppDelegate.swift */ = {isa = PBXFileReference; lastKnownFileType = sourcecode.swift; path = AppDelegate.swift; sourceTree = "<group>"; };
		AB79D74C26D1AE860030CF8B /* SceneDelegate.swift */ = {isa = PBXFileReference; lastKnownFileType = sourcecode.swift; path = SceneDelegate.swift; sourceTree = "<group>"; };
		AB79D74E26D1AE860030CF8B /* MainViewController.swift */ = {isa = PBXFileReference; lastKnownFileType = sourcecode.swift; path = MainViewController.swift; sourceTree = "<group>"; };
		AB79D75126D1AE860030CF8B /* Base */ = {isa = PBXFileReference; lastKnownFileType = file.storyboard; name = Base; path = Base.lproj/Main.storyboard; sourceTree = "<group>"; };
		AB79D75326D1AE870030CF8B /* Assets.xcassets */ = {isa = PBXFileReference; lastKnownFileType = folder.assetcatalog; path = Assets.xcassets; sourceTree = "<group>"; };
		AB79D75626D1AE870030CF8B /* Base */ = {isa = PBXFileReference; lastKnownFileType = file.storyboard; name = Base; path = Base.lproj/LaunchScreen.storyboard; sourceTree = "<group>"; };
		AB79D75826D1AE870030CF8B /* Info.plist */ = {isa = PBXFileReference; lastKnownFileType = text.plist.xml; path = Info.plist; sourceTree = "<group>"; };
		AB79D75E26D1AFFB0030CF8B /* BLEServo.swift */ = {isa = PBXFileReference; lastKnownFileType = sourcecode.swift; path = BLEServo.swift; sourceTree = "<group>"; };
		AB79D76026D1B2070030CF8B /* ServoModel.swift */ = {isa = PBXFileReference; lastKnownFileType = sourcecode.swift; path = ServoModel.swift; sourceTree = "<group>"; };
		AB79D76226D1B9300030CF8B /* Extensions.swift */ = {isa = PBXFileReference; lastKnownFileType = sourcecode.swift; path = Extensions.swift; sourceTree = "<group>"; };
		AB7AA8972733211A0050FA62 /* ButtonsVAxisView.xib */ = {isa = PBXFileReference; lastKnownFileType = file.xib; path = ButtonsVAxisView.xib; sourceTree = "<group>"; };
		AB7AA899273321920050FA62 /* ButtonsVAxisView.swift */ = {isa = PBXFileReference; lastKnownFileType = sourcecode.swift; path = ButtonsVAxisView.swift; sourceTree = "<group>"; };
		AB7AA89B27332A360050FA62 /* ButtonsAxisViewModel.swift */ = {isa = PBXFileReference; lastKnownFileType = sourcecode.swift; path = ButtonsAxisViewModel.swift; sourceTree = "<group>"; };
		AB7AA89E27332F390050FA62 /* ButtonsHAxisView.xib */ = {isa = PBXFileReference; lastKnownFileType = file.xib; path = ButtonsHAxisView.xib; sourceTree = "<group>"; };
		AB7AA8A027332F4D0050FA62 /* ButtonsHAxisView.swift */ = {isa = PBXFileReference; lastKnownFileType = sourcecode.swift; path = ButtonsHAxisView.swift; sourceTree = "<group>"; };
		AB7AA8A227333E450050FA62 /* VehicleButtonsViewController.swift */ = {isa = PBXFileReference; lastKnownFileType = sourcecode.swift; path = VehicleButtonsViewController.swift; sourceTree = "<group>"; };
		AB7AA8A327333E450050FA62 /* VehicleButtonsViewController.xib */ = {isa = PBXFileReference; lastKnownFileType = file.xib; path = VehicleButtonsViewController.xib; sourceTree = "<group>"; };
		AB7AA8A6273341EC0050FA62 /* VehicleButtonsViewModel.swift */ = {isa = PBXFileReference; lastKnownFileType = sourcecode.swift; path = VehicleButtonsViewModel.swift; sourceTree = "<group>"; };
		AB7AA8A8273366EA0050FA62 /* ValueAnimator.swift */ = {isa = PBXFileReference; lastKnownFileType = sourcecode.swift; path = ValueAnimator.swift; sourceTree = "<group>"; };
		AB7AA8DC2734B4250050FA62 /* AxisRenderValueView.swift */ = {isa = PBXFileReference; lastKnownFileType = sourcecode.swift; path = AxisRenderValueView.swift; sourceTree = "<group>"; };
		AB7AA8E0273564730050FA62 /* AxisRenderValueViewModel.swift */ = {isa = PBXFileReference; lastKnownFileType = sourcecode.swift; path = AxisRenderValueViewModel.swift; sourceTree = "<group>"; };
		AB7AA8E42738A5C00050FA62 /* SettingsViewController.swift */ = {isa = PBXFileReference; lastKnownFileType = sourcecode.swift; path = SettingsViewController.swift; sourceTree = "<group>"; };
		AB7AA8E52738A5C00050FA62 /* SettingsViewController.xib */ = {isa = PBXFileReference; lastKnownFileType = file.xib; path = SettingsViewController.xib; sourceTree = "<group>"; };
		AB7AA8E82738AD210050FA62 /* UIViewController+loadFromNib.swift */ = {isa = PBXFileReference; lastKnownFileType = sourcecode.swift; path = "UIViewController+loadFromNib.swift"; sourceTree = "<group>"; };
		AB7AA8EA2738AE470050FA62 /* SettingsModel.swift */ = {isa = PBXFileReference; lastKnownFileType = sourcecode.swift; path = SettingsModel.swift; sourceTree = "<group>"; };
		AB7AA8EC2738CD120050FA62 /* SettingsViewModel.swift */ = {isa = PBXFileReference; lastKnownFileType = sourcecode.swift; path = SettingsViewModel.swift; sourceTree = "<group>"; };
		AB7AA8F5273941EE0050FA62 /* SettingsModelImpl.swift */ = {isa = PBXFileReference; lastKnownFileType = sourcecode.swift; path = SettingsModelImpl.swift; sourceTree = "<group>"; };
		AB8F3DAA2730489900BF9E76 /* VehicleTwoAxisViewController.swift */ = {isa = PBXFileReference; lastKnownFileType = sourcecode.swift; path = VehicleTwoAxisViewController.swift; sourceTree = "<group>"; };
		AB8F3DAB2730489900BF9E76 /* VehicleTwoAxisViewController.xib */ = {isa = PBXFileReference; lastKnownFileType = file.xib; path = VehicleTwoAxisViewController.xib; sourceTree = "<group>"; };
		AB8F3DAE27306B1D00BF9E76 /* ServoControlCenter.swift */ = {isa = PBXFileReference; lastKnownFileType = sourcecode.swift; path = ServoControlCenter.swift; sourceTree = "<group>"; };
		AB8F3DB02730852000BF9E76 /* StatusView.xib */ = {isa = PBXFileReference; lastKnownFileType = file.xib; path = StatusView.xib; sourceTree = "<group>"; };
		AB8F3DB22730854A00BF9E76 /* StatusView.swift */ = {isa = PBXFileReference; lastKnownFileType = sourcecode.swift; path = StatusView.swift; sourceTree = "<group>"; };
		AB8F3DB42730909700BF9E76 /* StatusViewModel.swift */ = {isa = PBXFileReference; lastKnownFileType = sourcecode.swift; path = StatusViewModel.swift; sourceTree = "<group>"; };
		AB8F3DC02730B4AA00BF9E76 /* UIViewWithNib.swift */ = {isa = PBXFileReference; lastKnownFileType = sourcecode.swift; path = UIViewWithNib.swift; sourceTree = "<group>"; };
/* End PBXFileReference section */

/* Begin PBXFrameworksBuildPhase section */
		AB79D74426D1AE860030CF8B /* Frameworks */ = {
			isa = PBXFrameworksBuildPhase;
			buildActionMask = 2147483647;
			files = (
			);
			runOnlyForDeploymentPostprocessing = 0;
		};
/* End PBXFrameworksBuildPhase section */

/* Begin PBXGroup section */
		AB79D73E26D1AE860030CF8B = {
			isa = PBXGroup;
			children = (
				AB79D74926D1AE860030CF8B /* BLEServo */,
				AB79D74826D1AE860030CF8B /* Products */,
			);
			sourceTree = "<group>";
		};
		AB79D74826D1AE860030CF8B /* Products */ = {
			isa = PBXGroup;
			children = (
				AB79D74726D1AE860030CF8B /* BLEServo.app */,
			);
			name = Products;
			sourceTree = "<group>";
		};
		AB79D74926D1AE860030CF8B /* BLEServo */ = {
			isa = PBXGroup;
			children = (
				AB79D75826D1AE870030CF8B /* Info.plist */,
				AB8F3DBD2730A93300BF9E76 /* TopLevelApp */,
				AB8F3DB92730A88800BF9E76 /* ViewsAndViewModels */,
				AB8F3DB82730A86300BF9E76 /* Models */,
				AB8F3DBF2730AB5100BF9E76 /* Utils */,
			);
			path = BLEServo;
			sourceTree = "<group>";
		};
		AB8F3DB82730A86300BF9E76 /* Models */ = {
			isa = PBXGroup;
			children = (
				AB79D76026D1B2070030CF8B /* ServoModel.swift */,
				AB597EB8272F3ABE00777397 /* ServoChannelModel.swift */,
				AB79D75E26D1AFFB0030CF8B /* BLEServo.swift */,
				AB7AA8EA2738AE470050FA62 /* SettingsModel.swift */,
				AB7AA8F5273941EE0050FA62 /* SettingsModelImpl.swift */,
			);
			path = Models;
			sourceTree = "<group>";
		};
		AB8F3DB92730A88800BF9E76 /* ViewsAndViewModels */ = {
			isa = PBXGroup;
			children = (
				AB8F3DBE2730AB0000BF9E76 /* Logic */,
				AB8F3DBB2730A8BF00BF9E76 /* Pages */,
				AB8F3DBA2730A8A800BF9E76 /* Controls */,
			);
			path = ViewsAndViewModels;
			sourceTree = "<group>";
		};
		AB8F3DBA2730A8A800BF9E76 /* Controls */ = {
			isa = PBXGroup;
			children = (
				AB597EAC272DAD9B00777397 /* AxisView.xib */,
				AB597EAE272DB09800777397 /* AxisView.swift */,
				AB597EB2272DB76500777397 /* AxisViewModel.swift */,
				AB8F3DB02730852000BF9E76 /* StatusView.xib */,
				AB8F3DB22730854A00BF9E76 /* StatusView.swift */,
				AB8F3DB42730909700BF9E76 /* StatusViewModel.swift */,
				AB7AA8972733211A0050FA62 /* ButtonsVAxisView.xib */,
				AB7AA899273321920050FA62 /* ButtonsVAxisView.swift */,
				AB7AA89E27332F390050FA62 /* ButtonsHAxisView.xib */,
				AB7AA8A027332F4D0050FA62 /* ButtonsHAxisView.swift */,
				AB7AA89B27332A360050FA62 /* ButtonsAxisViewModel.swift */,
				AB7AA8DC2734B4250050FA62 /* AxisRenderValueView.swift */,
				AB7AA8E0273564730050FA62 /* AxisRenderValueViewModel.swift */,
				AB7501042741F9F300336F81 /* ChannelSettingsView.xib */,
				AB7501022741F9C400336F81 /* ChannelSettingsView.swift */,
				AB071E3F274834EC0073FD05 /* ChannelSettingsViewModel.swift */,
				AB750106274229B500336F81 /* NumericTextField.swift */,
			);
			path = Controls;
			sourceTree = "<group>";
		};
		AB8F3DBB2730A8BF00BF9E76 /* Pages */ = {
			isa = PBXGroup;
			children = (
				AB8F3DAB2730489900BF9E76 /* VehicleTwoAxisViewController.xib */,
				AB8F3DAA2730489900BF9E76 /* VehicleTwoAxisViewController.swift */,
				AB597EB6272F1E7E00777397 /* VehicleTwoAxisViewModel.swift */,
				AB7AA8A327333E450050FA62 /* VehicleButtonsViewController.xib */,
				AB7AA8A227333E450050FA62 /* VehicleButtonsViewController.swift */,
				AB7AA8A6273341EC0050FA62 /* VehicleButtonsViewModel.swift */,
				AB7AA8E52738A5C00050FA62 /* SettingsViewController.xib */,
				AB7AA8E42738A5C00050FA62 /* SettingsViewController.swift */,
				AB7AA8EC2738CD120050FA62 /* SettingsViewModel.swift */,
			);
			path = Pages;
			sourceTree = "<group>";
		};
		AB8F3DBD2730A93300BF9E76 /* TopLevelApp */ = {
			isa = PBXGroup;
			children = (
				AB8F3DAE27306B1D00BF9E76 /* ServoControlCenter.swift */,
				AB79D74A26D1AE860030CF8B /* AppDelegate.swift */,
				AB79D74C26D1AE860030CF8B /* SceneDelegate.swift */,
				AB79D75026D1AE860030CF8B /* Main.storyboard */,
				AB79D74E26D1AE860030CF8B /* MainViewController.swift */,
				AB79D75326D1AE870030CF8B /* Assets.xcassets */,
				AB79D75526D1AE870030CF8B /* LaunchScreen.storyboard */,
			);
			path = TopLevelApp;
			sourceTree = "<group>";
		};
		AB8F3DBE2730AB0000BF9E76 /* Logic */ = {
			isa = PBXGroup;
			children = (
				AB597EB4272DC2E000777397 /* AxisConverter.swift */,
				AB7AA8A8273366EA0050FA62 /* ValueAnimator.swift */,
			);
			path = Logic;
			sourceTree = "<group>";
		};
		AB8F3DBF2730AB5100BF9E76 /* Utils */ = {
			isa = PBXGroup;
			children = (
				AB79D76226D1B9300030CF8B /* Extensions.swift */,
				AB597EB0272DB21000777397 /* UIView+extension.swift */,
				AB8F3DC02730B4AA00BF9E76 /* UIViewWithNib.swift */,
				AB7AA8E82738AD210050FA62 /* UIViewController+loadFromNib.swift */,
			);
			path = Utils;
			sourceTree = "<group>";
		};
/* End PBXGroup section */

/* Begin PBXNativeTarget section */
		AB79D74626D1AE860030CF8B /* BLEServo */ = {
			isa = PBXNativeTarget;
			buildConfigurationList = AB79D75B26D1AE870030CF8B /* Build configuration list for PBXNativeTarget "BLEServo" */;
			buildPhases = (
				AB79D74326D1AE860030CF8B /* Sources */,
				AB79D74426D1AE860030CF8B /* Frameworks */,
				AB79D74526D1AE860030CF8B /* Resources */,
			);
			buildRules = (
			);
			dependencies = (
			);
			name = BLEServo;
			productName = BLEServo;
			productReference = AB79D74726D1AE860030CF8B /* BLEServo.app */;
			productType = "com.apple.product-type.application";
		};
/* End PBXNativeTarget section */

/* Begin PBXProject section */
		AB79D73F26D1AE860030CF8B /* Project object */ = {
			isa = PBXProject;
			attributes = {
				LastSwiftUpdateCheck = 1250;
				LastUpgradeCheck = 1250;
				TargetAttributes = {
					AB79D74626D1AE860030CF8B = {
						CreatedOnToolsVersion = 12.5.1;
					};
				};
			};
			buildConfigurationList = AB79D74226D1AE860030CF8B /* Build configuration list for PBXProject "BLEServo" */;
			compatibilityVersion = "Xcode 9.3";
			developmentRegion = en;
			hasScannedForEncodings = 0;
			knownRegions = (
				en,
				Base,
			);
			mainGroup = AB79D73E26D1AE860030CF8B;
			productRefGroup = AB79D74826D1AE860030CF8B /* Products */;
			projectDirPath = "";
			projectRoot = "";
			targets = (
				AB79D74626D1AE860030CF8B /* BLEServo */,
			);
		};
/* End PBXProject section */

/* Begin PBXResourcesBuildPhase section */
		AB79D74526D1AE860030CF8B /* Resources */ = {
			isa = PBXResourcesBuildPhase;
			buildActionMask = 2147483647;
			files = (
				AB8F3DB12730852000BF9E76 /* StatusView.xib in Resources */,
				AB7AA8A527333E450050FA62 /* VehicleButtonsViewController.xib in Resources */,
				AB8F3DAD2730489900BF9E76 /* VehicleTwoAxisViewController.xib in Resources */,
				AB79D75726D1AE870030CF8B /* LaunchScreen.storyboard in Resources */,
				AB597EAD272DAD9B00777397 /* AxisView.xib in Resources */,
				AB7501052741F9F300336F81 /* ChannelSettingsView.xib in Resources */,
				AB7AA89F27332F390050FA62 /* ButtonsHAxisView.xib in Resources */,
				AB79D75426D1AE870030CF8B /* Assets.xcassets in Resources */,
				AB79D75226D1AE860030CF8B /* Main.storyboard in Resources */,
				AB7AA8982733211A0050FA62 /* ButtonsVAxisView.xib in Resources */,
				AB7AA8E72738A5C00050FA62 /* SettingsViewController.xib in Resources */,
			);
			runOnlyForDeploymentPostprocessing = 0;
		};
/* End PBXResourcesBuildPhase section */

/* Begin PBXSourcesBuildPhase section */
		AB79D74326D1AE860030CF8B /* Sources */ = {
			isa = PBXSourcesBuildPhase;
			buildActionMask = 2147483647;
			files = (
				AB8F3DB52730909700BF9E76 /* StatusViewModel.swift in Sources */,
				AB79D75F26D1AFFB0030CF8B /* BLEServo.swift in Sources */,
				AB597EAF272DB09800777397 /* AxisView.swift in Sources */,
				AB79D76326D1B9300030CF8B /* Extensions.swift in Sources */,
				AB750107274229B500336F81 /* NumericTextField.swift in Sources */,
				AB7AA8A127332F4D0050FA62 /* ButtonsHAxisView.swift in Sources */,
				AB597EB1272DB21000777397 /* UIView+extension.swift in Sources */,
				AB7AA8A9273366EB0050FA62 /* ValueAnimator.swift in Sources */,
				AB071E40274834EC0073FD05 /* ChannelSettingsViewModel.swift in Sources */,
				AB597EB3272DB76500777397 /* AxisViewModel.swift in Sources */,
				AB7AA8F6273941EE0050FA62 /* SettingsModelImpl.swift in Sources */,
				AB79D74F26D1AE860030CF8B /* MainViewController.swift in Sources */,
				AB8F3DC12730B4AA00BF9E76 /* UIViewWithNib.swift in Sources */,
				AB8F3DAF27306B1D00BF9E76 /* ServoControlCenter.swift in Sources */,
				AB79D74B26D1AE860030CF8B /* AppDelegate.swift in Sources */,
				AB7AA8EB2738AE470050FA62 /* SettingsModel.swift in Sources */,
				AB7AA8DD2734B4250050FA62 /* AxisRenderValueView.swift in Sources */,
				AB8F3DAC2730489900BF9E76 /* VehicleTwoAxisViewController.swift in Sources */,
				AB7AA89C27332A360050FA62 /* ButtonsAxisViewModel.swift in Sources */,
				AB7AA8ED2738CD120050FA62 /* SettingsViewModel.swift in Sources */,
				AB8F3DB32730854A00BF9E76 /* StatusView.swift in Sources */,
				AB79D74D26D1AE860030CF8B /* SceneDelegate.swift in Sources */,
				AB597EB5272DC2E000777397 /* AxisConverter.swift in Sources */,
				AB7AA89A273321920050FA62 /* ButtonsVAxisView.swift in Sources */,
				AB79D76126D1B2070030CF8B /* ServoModel.swift in Sources */,
				AB597EB7272F1E7E00777397 /* VehicleTwoAxisViewModel.swift in Sources */,
				AB7501032741F9C400336F81 /* ChannelSettingsView.swift in Sources */,
				AB7AA8A7273341EC0050FA62 /* VehicleButtonsViewModel.swift in Sources */,
				AB597EB9272F3ABE00777397 /* ServoChannelModel.swift in Sources */,
				AB7AA8E62738A5C00050FA62 /* SettingsViewController.swift in Sources */,
				AB7AA8E1273564730050FA62 /* AxisRenderValueViewModel.swift in Sources */,
				AB7AA8A427333E450050FA62 /* VehicleButtonsViewController.swift in Sources */,
				AB7AA8E92738AD210050FA62 /* UIViewController+loadFromNib.swift in Sources */,
			);
			runOnlyForDeploymentPostprocessing = 0;
		};
/* End PBXSourcesBuildPhase section */

/* Begin PBXVariantGroup section */
		AB79D75026D1AE860030CF8B /* Main.storyboard */ = {
			isa = PBXVariantGroup;
			children = (
				AB79D75126D1AE860030CF8B /* Base */,
			);
			name = Main.storyboard;
			sourceTree = "<group>";
		};
		AB79D75526D1AE870030CF8B /* LaunchScreen.storyboard */ = {
			isa = PBXVariantGroup;
			children = (
				AB79D75626D1AE870030CF8B /* Base */,
			);
			name = LaunchScreen.storyboard;
			sourceTree = "<group>";
		};
/* End PBXVariantGroup section */

/* Begin XCBuildConfiguration section */
		AB79D75926D1AE870030CF8B /* Debug */ = {
			isa = XCBuildConfiguration;
			buildSettings = {
				ALWAYS_SEARCH_USER_PATHS = NO;
				CLANG_ANALYZER_NONNULL = YES;
				CLANG_ANALYZER_NUMBER_OBJECT_CONVERSION = YES_AGGRESSIVE;
				CLANG_CXX_LANGUAGE_STANDARD = "gnu++14";
				CLANG_CXX_LIBRARY = "libc++";
				CLANG_ENABLE_MODULES = YES;
				CLANG_ENABLE_OBJC_ARC = YES;
				CLANG_ENABLE_OBJC_WEAK = YES;
				CLANG_WARN_BLOCK_CAPTURE_AUTORELEASING = YES;
				CLANG_WARN_BOOL_CONVERSION = YES;
				CLANG_WARN_COMMA = YES;
				CLANG_WARN_CONSTANT_CONVERSION = YES;
				CLANG_WARN_DEPRECATED_OBJC_IMPLEMENTATIONS = YES;
				CLANG_WARN_DIRECT_OBJC_ISA_USAGE = YES_ERROR;
				CLANG_WARN_DOCUMENTATION_COMMENTS = YES;
				CLANG_WARN_EMPTY_BODY = YES;
				CLANG_WARN_ENUM_CONVERSION = YES;
				CLANG_WARN_INFINITE_RECURSION = YES;
				CLANG_WARN_INT_CONVERSION = YES;
				CLANG_WARN_NON_LITERAL_NULL_CONVERSION = YES;
				CLANG_WARN_OBJC_IMPLICIT_RETAIN_SELF = YES;
				CLANG_WARN_OBJC_LITERAL_CONVERSION = YES;
				CLANG_WARN_OBJC_ROOT_CLASS = YES_ERROR;
				CLANG_WARN_QUOTED_INCLUDE_IN_FRAMEWORK_HEADER = YES;
				CLANG_WARN_RANGE_LOOP_ANALYSIS = YES;
				CLANG_WARN_STRICT_PROTOTYPES = YES;
				CLANG_WARN_SUSPICIOUS_MOVE = YES;
				CLANG_WARN_UNGUARDED_AVAILABILITY = YES_AGGRESSIVE;
				CLANG_WARN_UNREACHABLE_CODE = YES;
				CLANG_WARN__DUPLICATE_METHOD_MATCH = YES;
				COPY_PHASE_STRIP = NO;
				DEBUG_INFORMATION_FORMAT = dwarf;
				ENABLE_STRICT_OBJC_MSGSEND = YES;
				ENABLE_TESTABILITY = YES;
				GCC_C_LANGUAGE_STANDARD = gnu11;
				GCC_DYNAMIC_NO_PIC = NO;
				GCC_NO_COMMON_BLOCKS = YES;
				GCC_OPTIMIZATION_LEVEL = 0;
				GCC_PREPROCESSOR_DEFINITIONS = (
					"DEBUG=1",
					"$(inherited)",
				);
				GCC_WARN_64_TO_32_BIT_CONVERSION = YES;
				GCC_WARN_ABOUT_RETURN_TYPE = YES_ERROR;
				GCC_WARN_UNDECLARED_SELECTOR = YES;
				GCC_WARN_UNINITIALIZED_AUTOS = YES_AGGRESSIVE;
				GCC_WARN_UNUSED_FUNCTION = YES;
				GCC_WARN_UNUSED_VARIABLE = YES;
				IPHONEOS_DEPLOYMENT_TARGET = 13.0;
				MTL_ENABLE_DEBUG_INFO = INCLUDE_SOURCE;
				MTL_FAST_MATH = YES;
				ONLY_ACTIVE_ARCH = YES;
				SDKROOT = iphoneos;
				SWIFT_ACTIVE_COMPILATION_CONDITIONS = DEBUG;
				SWIFT_OPTIMIZATION_LEVEL = "-Onone";
			};
			name = Debug;
		};
		AB79D75A26D1AE870030CF8B /* Release */ = {
			isa = XCBuildConfiguration;
			buildSettings = {
				ALWAYS_SEARCH_USER_PATHS = NO;
				CLANG_ANALYZER_NONNULL = YES;
				CLANG_ANALYZER_NUMBER_OBJECT_CONVERSION = YES_AGGRESSIVE;
				CLANG_CXX_LANGUAGE_STANDARD = "gnu++14";
				CLANG_CXX_LIBRARY = "libc++";
				CLANG_ENABLE_MODULES = YES;
				CLANG_ENABLE_OBJC_ARC = YES;
				CLANG_ENABLE_OBJC_WEAK = YES;
				CLANG_WARN_BLOCK_CAPTURE_AUTORELEASING = YES;
				CLANG_WARN_BOOL_CONVERSION = YES;
				CLANG_WARN_COMMA = YES;
				CLANG_WARN_CONSTANT_CONVERSION = YES;
				CLANG_WARN_DEPRECATED_OBJC_IMPLEMENTATIONS = YES;
				CLANG_WARN_DIRECT_OBJC_ISA_USAGE = YES_ERROR;
				CLANG_WARN_DOCUMENTATION_COMMENTS = YES;
				CLANG_WARN_EMPTY_BODY = YES;
				CLANG_WARN_ENUM_CONVERSION = YES;
				CLANG_WARN_INFINITE_RECURSION = YES;
				CLANG_WARN_INT_CONVERSION = YES;
				CLANG_WARN_NON_LITERAL_NULL_CONVERSION = YES;
				CLANG_WARN_OBJC_IMPLICIT_RETAIN_SELF = YES;
				CLANG_WARN_OBJC_LITERAL_CONVERSION = YES;
				CLANG_WARN_OBJC_ROOT_CLASS = YES_ERROR;
				CLANG_WARN_QUOTED_INCLUDE_IN_FRAMEWORK_HEADER = YES;
				CLANG_WARN_RANGE_LOOP_ANALYSIS = YES;
				CLANG_WARN_STRICT_PROTOTYPES = YES;
				CLANG_WARN_SUSPICIOUS_MOVE = YES;
				CLANG_WARN_UNGUARDED_AVAILABILITY = YES_AGGRESSIVE;
				CLANG_WARN_UNREACHABLE_CODE = YES;
				CLANG_WARN__DUPLICATE_METHOD_MATCH = YES;
				COPY_PHASE_STRIP = NO;
				DEBUG_INFORMATION_FORMAT = "dwarf-with-dsym";
				ENABLE_NS_ASSERTIONS = NO;
				ENABLE_STRICT_OBJC_MSGSEND = YES;
				GCC_C_LANGUAGE_STANDARD = gnu11;
				GCC_NO_COMMON_BLOCKS = YES;
				GCC_WARN_64_TO_32_BIT_CONVERSION = YES;
				GCC_WARN_ABOUT_RETURN_TYPE = YES_ERROR;
				GCC_WARN_UNDECLARED_SELECTOR = YES;
				GCC_WARN_UNINITIALIZED_AUTOS = YES_AGGRESSIVE;
				GCC_WARN_UNUSED_FUNCTION = YES;
				GCC_WARN_UNUSED_VARIABLE = YES;
				IPHONEOS_DEPLOYMENT_TARGET = 13.0;
				MTL_ENABLE_DEBUG_INFO = NO;
				MTL_FAST_MATH = YES;
				SDKROOT = iphoneos;
				SWIFT_COMPILATION_MODE = wholemodule;
				SWIFT_OPTIMIZATION_LEVEL = "-O";
				VALIDATE_PRODUCT = YES;
			};
			name = Release;
		};
		AB79D75C26D1AE870030CF8B /* Debug */ = {
			isa = XCBuildConfiguration;
			buildSettings = {
				ASSETCATALOG_COMPILER_APPICON_NAME = AppIcon;
				ASSETCATALOG_COMPILER_GLOBAL_ACCENT_COLOR_NAME = AccentColor;
				CODE_SIGN_STYLE = Automatic;
				INFOPLIST_FILE = BLEServo/Info.plist;
				LD_RUNPATH_SEARCH_PATHS = (
					"$(inherited)",
					"@executable_path/Frameworks",
				);
				PRODUCT_BUNDLE_IDENTIFIER = com.rpt11.BLEServo;
				PRODUCT_NAME = "$(TARGET_NAME)";
				SWIFT_VERSION = 5.0;
				TARGETED_DEVICE_FAMILY = "1,2";
			};
			name = Debug;
		};
		AB79D75D26D1AE870030CF8B /* Release */ = {
			isa = XCBuildConfiguration;
			buildSettings = {
				ASSETCATALOG_COMPILER_APPICON_NAME = AppIcon;
				ASSETCATALOG_COMPILER_GLOBAL_ACCENT_COLOR_NAME = AccentColor;
				CODE_SIGN_STYLE = Automatic;
				INFOPLIST_FILE = BLEServo/Info.plist;
				LD_RUNPATH_SEARCH_PATHS = (
					"$(inherited)",
					"@executable_path/Frameworks",
				);
				PRODUCT_BUNDLE_IDENTIFIER = com.rpt11.BLEServo;
				PRODUCT_NAME = "$(TARGET_NAME)";
				SWIFT_VERSION = 5.0;
				TARGETED_DEVICE_FAMILY = "1,2";
			};
			name = Release;
		};
/* End XCBuildConfiguration section */

/* Begin XCConfigurationList section */
		AB79D74226D1AE860030CF8B /* Build configuration list for PBXProject "BLEServo" */ = {
			isa = XCConfigurationList;
			buildConfigurations = (
				AB79D75926D1AE870030CF8B /* Debug */,
				AB79D75A26D1AE870030CF8B /* Release */,
			);
			defaultConfigurationIsVisible = 0;
			defaultConfigurationName = Release;
		};
		AB79D75B26D1AE870030CF8B /* Build configuration list for PBXNativeTarget "BLEServo" */ = {
			isa = XCConfigurationList;
			buildConfigurations = (
				AB79D75C26D1AE870030CF8B /* Debug */,
				AB79D75D26D1AE870030CF8B /* Release */,
			);
			defaultConfigurationIsVisible = 0;
			defaultConfigurationName = Release;
		};
/* End XCConfigurationList section */
	};
	rootObject = AB79D73F26D1AE860030CF8B /* Project object */;
}
